// !$*UTF8*$!
{
	archiveVersion = 1;
	classes = {
	};
	objectVersion = 46;
	objects = {

/* Begin PBXBuildFile section */
		C7F7E92B198E0A280015AF74 /* Foundation.framework in Frameworks */ = {isa = PBXBuildFile; fileRef = C7F7E92A198E0A280015AF74 /* Foundation.framework */; };
		C7F7E92D198E0A280015AF74 /* CoreGraphics.framework in Frameworks */ = {isa = PBXBuildFile; fileRef = C7F7E92C198E0A280015AF74 /* CoreGraphics.framework */; };
		C7F7E92F198E0A280015AF74 /* UIKit.framework in Frameworks */ = {isa = PBXBuildFile; fileRef = C7F7E92E198E0A280015AF74 /* UIKit.framework */; };
		C7F7E935198E0A280015AF74 /* InfoPlist.strings in Resources */ = {isa = PBXBuildFile; fileRef = C7F7E933198E0A280015AF74 /* InfoPlist.strings */; };
		C7F7E937198E0A280015AF74 /* main.m in Sources */ = {isa = PBXBuildFile; fileRef = C7F7E936198E0A280015AF74 /* main.m */; };
		C7F7E93B198E0A280015AF74 /* D9AppDelegate.m in Sources */ = {isa = PBXBuildFile; fileRef = C7F7E93A198E0A280015AF74 /* D9AppDelegate.m */; };
		C7F7E93E198E0A280015AF74 /* Main.storyboard in Resources */ = {isa = PBXBuildFile; fileRef = C7F7E93C198E0A280015AF74 /* Main.storyboard */; };
		C7F7E941198E0A280015AF74 /* D9ViewController.m in Sources */ = {isa = PBXBuildFile; fileRef = C7F7E940198E0A280015AF74 /* D9ViewController.m */; };
		C7F7E943198E0A280015AF74 /* Images.xcassets in Resources */ = {isa = PBXBuildFile; fileRef = C7F7E942198E0A280015AF74 /* Images.xcassets */; };
		C7F7E94A198E0A280015AF74 /* XCTest.framework in Frameworks */ = {isa = PBXBuildFile; fileRef = C7F7E949198E0A280015AF74 /* XCTest.framework */; };
		C7F7E94B198E0A280015AF74 /* Foundation.framework in Frameworks */ = {isa = PBXBuildFile; fileRef = C7F7E92A198E0A280015AF74 /* Foundation.framework */; };
		C7F7E94C198E0A280015AF74 /* UIKit.framework in Frameworks */ = {isa = PBXBuildFile; fileRef = C7F7E92E198E0A280015AF74 /* UIKit.framework */; };
		C7F7E954198E0A280015AF74 /* InfoPlist.strings in Resources */ = {isa = PBXBuildFile; fileRef = C7F7E952198E0A280015AF74 /* InfoPlist.strings */; };
		C7F7E956198E0A280015AF74 /* ClientMnagementTests.m in Sources */ = {isa = PBXBuildFile; fileRef = C7F7E955198E0A280015AF74 /* ClientMnagementTests.m */; };
/* End PBXBuildFile section */

/* Begin PBXContainerItemProxy section */
		C7F7E94D198E0A280015AF74 /* PBXContainerItemProxy */ = {
			isa = PBXContainerItemProxy;
			containerPortal = C7F7E91F198E0A280015AF74 /* Project object */;
			proxyType = 1;
			remoteGlobalIDString = C7F7E926198E0A280015AF74;
			remoteInfo = ClientMnagement;
		};
/* End PBXContainerItemProxy section */

/* Begin PBXFileReference section */
		C7F7E927198E0A280015AF74 /* ClientMnagement.app */ = {isa = PBXFileReference; explicitFileType = wrapper.application; includeInIndex = 0; path = ClientMnagement.app; sourceTree = BUILT_PRODUCTS_DIR; };
		C7F7E92A198E0A280015AF74 /* Foundation.framework */ = {isa = PBXFileReference; lastKnownFileType = wrapper.framework; name = Foundation.framework; path = System/Library/Frameworks/Foundation.framework; sourceTree = SDKROOT; };
		C7F7E92C198E0A280015AF74 /* CoreGraphics.framework */ = {isa = PBXFileReference; lastKnownFileType = wrapper.framework; name = CoreGraphics.framework; path = System/Library/Frameworks/CoreGraphics.framework; sourceTree = SDKROOT; };
		C7F7E92E198E0A280015AF74 /* UIKit.framework */ = {isa = PBXFileReference; lastKnownFileType = wrapper.framework; name = UIKit.framework; path = System/Library/Frameworks/UIKit.framework; sourceTree = SDKROOT; };
		C7F7E932198E0A280015AF74 /* ClientMnagement-Info.plist */ = {isa = PBXFileReference; lastKnownFileType = text.plist.xml; path = "ClientMnagement-Info.plist"; sourceTree = "<group>"; };
		C7F7E934198E0A280015AF74 /* en */ = {isa = PBXFileReference; lastKnownFileType = text.plist.strings; name = en; path = en.lproj/InfoPlist.strings; sourceTree = "<group>"; };
		C7F7E936198E0A280015AF74 /* main.m */ = {isa = PBXFileReference; lastKnownFileType = sourcecode.c.objc; path = main.m; sourceTree = "<group>"; };
		C7F7E938198E0A280015AF74 /* ClientMnagement-Prefix.pch */ = {isa = PBXFileReference; lastKnownFileType = sourcecode.c.h; path = "ClientMnagement-Prefix.pch"; sourceTree = "<group>"; };
		C7F7E939198E0A280015AF74 /* D9AppDelegate.h */ = {isa = PBXFileReference; lastKnownFileType = sourcecode.c.h; path = D9AppDelegate.h; sourceTree = "<group>"; };
		C7F7E93A198E0A280015AF74 /* D9AppDelegate.m */ = {isa = PBXFileReference; lastKnownFileType = sourcecode.c.objc; path = D9AppDelegate.m; sourceTree = "<group>"; };
		C7F7E93D198E0A280015AF74 /* Base */ = {isa = PBXFileReference; lastKnownFileType = file.storyboard; name = Base; path = Base.lproj/Main.storyboard; sourceTree = "<group>"; };
		C7F7E93F198E0A280015AF74 /* D9ViewController.h */ = {isa = PBXFileReference; lastKnownFileType = sourcecode.c.h; path = D9ViewController.h; sourceTree = "<group>"; };
		C7F7E940198E0A280015AF74 /* D9ViewController.m */ = {isa = PBXFileReference; lastKnownFileType = sourcecode.c.objc; path = D9ViewController.m; sourceTree = "<group>"; };
		C7F7E942198E0A280015AF74 /* Images.xcassets */ = {isa = PBXFileReference; lastKnownFileType = folder.assetcatalog; path = Images.xcassets; sourceTree = "<group>"; };
		C7F7E948198E0A280015AF74 /* ClientMnagementTests.xctest */ = {isa = PBXFileReference; explicitFileType = wrapper.cfbundle; includeInIndex = 0; path = ClientMnagementTests.xctest; sourceTree = BUILT_PRODUCTS_DIR; };
		C7F7E949198E0A280015AF74 /* XCTest.framework */ = {isa = PBXFileReference; lastKnownFileType = wrapper.framework; name = XCTest.framework; path = Library/Frameworks/XCTest.framework; sourceTree = DEVELOPER_DIR; };
		C7F7E951198E0A280015AF74 /* ClientMnagementTests-Info.plist */ = {isa = PBXFileReference; lastKnownFileType = text.plist.xml; path = "ClientMnagementTests-Info.plist"; sourceTree = "<group>"; };
		C7F7E953198E0A280015AF74 /* en */ = {isa = PBXFileReference; lastKnownFileType = text.plist.strings; name = en; path = en.lproj/InfoPlist.strings; sourceTree = "<group>"; };
		C7F7E955198E0A280015AF74 /* ClientMnagementTests.m */ = {isa = PBXFileReference; lastKnownFileType = sourcecode.c.objc; path = ClientMnagementTests.m; sourceTree = "<group>"; };
/* End PBXFileReference section */

/* Begin PBXFrameworksBuildPhase section */
		C7F7E924198E0A280015AF74 /* Frameworks */ = {
			isa = PBXFrameworksBuildPhase;
			buildActionMask = 2147483647;
			files = (
				C7F7E92D198E0A280015AF74 /* CoreGraphics.framework in Frameworks */,
				C7F7E92F198E0A280015AF74 /* UIKit.framework in Frameworks */,
				C7F7E92B198E0A280015AF74 /* Foundation.framework in Frameworks */,
			);
			runOnlyForDeploymentPostprocessing = 0;
		};
		C7F7E945198E0A280015AF74 /* Frameworks */ = {
			isa = PBXFrameworksBuildPhase;
			buildActionMask = 2147483647;
			files = (
				C7F7E94A198E0A280015AF74 /* XCTest.framework in Frameworks */,
				C7F7E94C198E0A280015AF74 /* UIKit.framework in Frameworks */,
				C7F7E94B198E0A280015AF74 /* Foundation.framework in Frameworks */,
			);
			runOnlyForDeploymentPostprocessing = 0;
		};
/* End PBXFrameworksBuildPhase section */

/* Begin PBXGroup section */
		C7F7E91E198E0A280015AF74 = {
			isa = PBXGroup;
			children = (
				C7F7E930198E0A280015AF74 /* ClientMnagement */,
				C7F7E94F198E0A280015AF74 /* ClientMnagementTests */,
				C7F7E929198E0A280015AF74 /* Frameworks */,
				C7F7E928198E0A280015AF74 /* Products */,
			);
			sourceTree = "<group>";
		};
		C7F7E928198E0A280015AF74 /* Products */ = {
			isa = PBXGroup;
			children = (
				C7F7E927198E0A280015AF74 /* ClientMnagement.app */,
				C7F7E948198E0A280015AF74 /* ClientMnagementTests.xctest */,
			);
			name = Products;
			sourceTree = "<group>";
		};
		C7F7E929198E0A280015AF74 /* Frameworks */ = {
			isa = PBXGroup;
			children = (
				C7F7E92A198E0A280015AF74 /* Foundation.framework */,
				C7F7E92C198E0A280015AF74 /* CoreGraphics.framework */,
				C7F7E92E198E0A280015AF74 /* UIKit.framework */,
				C7F7E949198E0A280015AF74 /* XCTest.framework */,
			);
			name = Frameworks;
			sourceTree = "<group>";
		};
		C7F7E930198E0A280015AF74 /* ClientMnagement */ = {
			isa = PBXGroup;
			children = (
				C7F7E939198E0A280015AF74 /* D9AppDelegate.h */,
				C7F7E93A198E0A280015AF74 /* D9AppDelegate.m */,
				C7F7E93C198E0A280015AF74 /* Main.storyboard */,
				C7F7E93F198E0A280015AF74 /* D9ViewController.h */,
				C7F7E940198E0A280015AF74 /* D9ViewController.m */,
				C7F7E942198E0A280015AF74 /* Images.xcassets */,
				C7F7E931198E0A280015AF74 /* Supporting Files */,
			);
			path = ClientMnagement;
			sourceTree = "<group>";
		};
		C7F7E931198E0A280015AF74 /* Supporting Files */ = {
			isa = PBXGroup;
			children = (
				C7F7E932198E0A280015AF74 /* ClientMnagement-Info.plist */,
				C7F7E933198E0A280015AF74 /* InfoPlist.strings */,
				C7F7E936198E0A280015AF74 /* main.m */,
				C7F7E938198E0A280015AF74 /* ClientMnagement-Prefix.pch */,
			);
			name = "Supporting Files";
			sourceTree = "<group>";
		};
		C7F7E94F198E0A280015AF74 /* ClientMnagementTests */ = {
			isa = PBXGroup;
			children = (
				C7F7E955198E0A280015AF74 /* ClientMnagementTests.m */,
				C7F7E950198E0A280015AF74 /* Supporting Files */,
			);
			path = ClientMnagementTests;
			sourceTree = "<group>";
		};
		C7F7E950198E0A280015AF74 /* Supporting Files */ = {
			isa = PBXGroup;
			children = (
				C7F7E951198E0A280015AF74 /* ClientMnagementTests-Info.plist */,
				C7F7E952198E0A280015AF74 /* InfoPlist.strings */,
			);
			name = "Supporting Files";
			sourceTree = "<group>";
		};
/* End PBXGroup section */

/* Begin PBXNativeTarget section */
		C7F7E926198E0A280015AF74 /* ClientMnagement */ = {
			isa = PBXNativeTarget;
			buildConfigurationList = C7F7E959198E0A280015AF74 /* Build configuration list for PBXNativeTarget "ClientMnagement" */;
			buildPhases = (
				C7F7E923198E0A280015AF74 /* Sources */,
				C7F7E924198E0A280015AF74 /* Frameworks */,
				C7F7E925198E0A280015AF74 /* Resources */,
			);
			buildRules = (
			);
			dependencies = (
			);
			name = ClientMnagement;
			productName = ClientMnagement;
			productReference = C7F7E927198E0A280015AF74 /* ClientMnagement.app */;
			productType = "com.apple.product-type.application";
		};
		C7F7E947198E0A280015AF74 /* ClientMnagementTests */ = {
			isa = PBXNativeTarget;
			buildConfigurationList = C7F7E95C198E0A280015AF74 /* Build configuration list for PBXNativeTarget "ClientMnagementTests" */;
			buildPhases = (
				C7F7E944198E0A280015AF74 /* Sources */,
				C7F7E945198E0A280015AF74 /* Frameworks */,
				C7F7E946198E0A280015AF74 /* Resources */,
			);
			buildRules = (
			);
			dependencies = (
				C7F7E94E198E0A280015AF74 /* PBXTargetDependency */,
			);
			name = ClientMnagementTests;
			productName = ClientMnagementTests;
			productReference = C7F7E948198E0A280015AF74 /* ClientMnagementTests.xctest */;
			productType = "com.apple.product-type.bundle.unit-test";
		};
/* End PBXNativeTarget section */

/* Begin PBXProject section */
		C7F7E91F198E0A280015AF74 /* Project object */ = {
			isa = PBXProject;
			attributes = {
				CLASSPREFIX = D9;
				LastUpgradeCheck = 0510;
				ORGANIZATIONNAME = D9;
				TargetAttributes = {
					C7F7E947198E0A280015AF74 = {
						TestTargetID = C7F7E926198E0A280015AF74;
					};
				};
			};
			buildConfigurationList = C7F7E922198E0A280015AF74 /* Build configuration list for PBXProject "ClientMnagement" */;
			compatibilityVersion = "Xcode 3.2";
			developmentRegion = English;
			hasScannedForEncodings = 0;
			knownRegions = (
				en,
				Base,
			);
			mainGroup = C7F7E91E198E0A280015AF74;
			productRefGroup = C7F7E928198E0A280015AF74 /* Products */;
			projectDirPath = "";
			projectRoot = "";
			targets = (
				C7F7E926198E0A280015AF74 /* ClientMnagement */,
				C7F7E947198E0A280015AF74 /* ClientMnagementTests */,
			);
		};
/* End PBXProject section */

/* Begin PBXResourcesBuildPhase section */
		C7F7E925198E0A280015AF74 /* Resources */ = {
			isa = PBXResourcesBuildPhase;
			buildActionMask = 2147483647;
			files = (
				C7F7E943198E0A280015AF74 /* Images.xcassets in Resources */,
				C7F7E935198E0A280015AF74 /* InfoPlist.strings in Resources */,
				C7F7E93E198E0A280015AF74 /* Main.storyboard in Resources */,
			);
			runOnlyForDeploymentPostprocessing = 0;
		};
		C7F7E946198E0A280015AF74 /* Resources */ = {
			isa = PBXResourcesBuildPhase;
			buildActionMask = 2147483647;
			files = (
				C7F7E954198E0A280015AF74 /* InfoPlist.strings in Resources */,
			);
			runOnlyForDeploymentPostprocessing = 0;
		};
/* End PBXResourcesBuildPhase section */

/* Begin PBXSourcesBuildPhase section */
		C7F7E923198E0A280015AF74 /* Sources */ = {
			isa = PBXSourcesBuildPhase;
			buildActionMask = 2147483647;
			files = (
				C7F7E937198E0A280015AF74 /* main.m in Sources */,
				C7F7E93B198E0A280015AF74 /* D9AppDelegate.m in Sources */,
				C7F7E941198E0A280015AF74 /* D9ViewController.m in Sources */,
			);
			runOnlyForDeploymentPostprocessing = 0;
		};
		C7F7E944198E0A280015AF74 /* Sources */ = {
			isa = PBXSourcesBuildPhase;
			buildActionMask = 2147483647;
			files = (
				C7F7E956198E0A280015AF74 /* ClientMnagementTests.m in Sources */,
			);
			runOnlyForDeploymentPostprocessing = 0;
		};
/* End PBXSourcesBuildPhase section */

/* Begin PBXTargetDependency section */
		C7F7E94E198E0A280015AF74 /* PBXTargetDependency */ = {
			isa = PBXTargetDependency;
			target = C7F7E926198E0A280015AF74 /* ClientMnagement */;
			targetProxy = C7F7E94D198E0A280015AF74 /* PBXContainerItemProxy */;
		};
/* End PBXTargetDependency section */

/* Begin PBXVariantGroup section */
		C7F7E933198E0A280015AF74 /* InfoPlist.strings */ = {
			isa = PBXVariantGroup;
			children = (
				C7F7E934198E0A280015AF74 /* en */,
			);
			name = InfoPlist.strings;
			sourceTree = "<group>";
		};
		C7F7E93C198E0A280015AF74 /* Main.storyboard */ = {
			isa = PBXVariantGroup;
			children = (
				C7F7E93D198E0A280015AF74 /* Base */,
			);
			name = Main.storyboard;
			sourceTree = "<group>";
		};
		C7F7E952198E0A280015AF74 /* InfoPlist.strings */ = {
			isa = PBXVariantGroup;
			children = (
				C7F7E953198E0A280015AF74 /* en */,
			);
			name = InfoPlist.strings;
			sourceTree = "<group>";
		};
/* End PBXVariantGroup section */

/* Begin XCBuildConfiguration section */
		C7F7E957198E0A280015AF74 /* Debug */ = {
			isa = XCBuildConfiguration;
			buildSettings = {
				ALWAYS_SEARCH_USER_PATHS = NO;
				CLANG_CXX_LANGUAGE_STANDARD = "gnu++0x";
				CLANG_CXX_LIBRARY = "libc++";
				CLANG_ENABLE_MODULES = YES;
				CLANG_ENABLE_OBJC_ARC = YES;
				CLANG_WARN_BOOL_CONVERSION = YES;
				CLANG_WARN_CONSTANT_CONVERSION = YES;
				CLANG_WARN_DIRECT_OBJC_ISA_USAGE = YES_ERROR;
				CLANG_WARN_EMPTY_BODY = YES;
				CLANG_WARN_ENUM_CONVERSION = YES;
				CLANG_WARN_INT_CONVERSION = YES;
				CLANG_WARN_OBJC_ROOT_CLASS = YES_ERROR;
				CLANG_WARN__DUPLICATE_METHOD_MATCH = YES;
				"CODE_SIGN_IDENTITY[sdk=iphoneos*]" = "iPhone Developer";
				COPY_PHASE_STRIP = NO;
				GCC_C_LANGUAGE_STANDARD = gnu99;
				GCC_DYNAMIC_NO_PIC = NO;
				GCC_OPTIMIZATION_LEVEL = 0;
				GCC_PREPROCESSOR_DEFINITIONS = (
					"DEBUG=1",
					"$(inherited)",
				);
				GCC_SYMBOLS_PRIVATE_EXTERN = NO;
				GCC_WARN_64_TO_32_BIT_CONVERSION = YES;
				GCC_WARN_ABOUT_RETURN_TYPE = YES_ERROR;
				GCC_WARN_UNDECLARED_SELECTOR = YES;
				GCC_WARN_UNINITIALIZED_AUTOS = YES_AGGRESSIVE;
				GCC_WARN_UNUSED_FUNCTION = YES;
				GCC_WARN_UNUSED_VARIABLE = YES;
				IPHONEOS_DEPLOYMENT_TARGET = 7.1;
				ONLY_ACTIVE_ARCH = YES;
				SDKROOT = iphoneos;
			};
			name = Debug;
		};
		C7F7E958198E0A280015AF74 /* Release */ = {
			isa = XCBuildConfiguration;
			buildSettings = {
				ALWAYS_SEARCH_USER_PATHS = NO;
				CLANG_CXX_LANGUAGE_STANDARD = "gnu++0x";
				CLANG_CXX_LIBRARY = "libc++";
				CLANG_ENABLE_MODULES = YES;
				CLANG_ENABLE_OBJC_ARC = YES;
				CLANG_WARN_BOOL_CONVERSION = YES;
				CLANG_WARN_CONSTANT_CONVERSION = YES;
				CLANG_WARN_DIRECT_OBJC_ISA_USAGE = YES_ERROR;
				CLANG_WARN_EMPTY_BODY = YES;
				CLANG_WARN_ENUM_CONVERSION = YES;
				CLANG_WARN_INT_CONVERSION = YES;
				CLANG_WARN_OBJC_ROOT_CLASS = YES_ERROR;
				CLANG_WARN__DUPLICATE_METHOD_MATCH = YES;
				"CODE_SIGN_IDENTITY[sdk=iphoneos*]" = "iPhone Developer";
				COPY_PHASE_STRIP = YES;
				ENABLE_NS_ASSERTIONS = NO;
				GCC_C_LANGUAGE_STANDARD = gnu99;
				GCC_WARN_64_TO_32_BIT_CONVERSION = YES;
				GCC_WARN_ABOUT_RETURN_TYPE = YES_ERROR;
				GCC_WARN_UNDECLARED_SELECTOR = YES;
				GCC_WARN_UNINITIALIZED_AUTOS = YES_AGGRESSIVE;
				GCC_WARN_UNUSED_FUNCTION = YES;
				GCC_WARN_UNUSED_VARIABLE = YES;
				IPHONEOS_DEPLOYMENT_TARGET = 7.1;
				SDKROOT = iphoneos;
				VALIDATE_PRODUCT = YES;
			};
			name = Release;
		};
		C7F7E95A198E0A280015AF74 /* Debug */ = {
			isa = XCBuildConfiguration;
			buildSettings = {
				ASSETCATALOG_COMPILER_APPICON_NAME = AppIcon;
				ASSETCATALOG_COMPILER_LAUNCHIMAGE_NAME = LaunchImage;
				GCC_PRECOMPILE_PREFIX_HEADER = YES;
				GCC_PREFIX_HEADER = "ClientMnagement/ClientMnagement-Prefix.pch";
				INFOPLIST_FILE = "ClientMnagement/ClientMnagement-Info.plist";
				PRODUCT_NAME = "$(TARGET_NAME)";
				WRAPPER_EXTENSION = app;
			};
			name = Debug;
		};
		C7F7E95B198E0A280015AF74 /* Release */ = {
			isa = XCBuildConfiguration;
			buildSettings = {
				ASSETCATALOG_COMPILER_APPICON_NAME = AppIcon;
				ASSETCATALOG_COMPILER_LAUNCHIMAGE_NAME = LaunchImage;
				GCC_PRECOMPILE_PREFIX_HEADER = YES;
				GCC_PREFIX_HEADER = "ClientMnagement/ClientMnagement-Prefix.pch";
				INFOPLIST_FILE = "ClientMnagement/ClientMnagement-Info.plist";
				PRODUCT_NAME = "$(TARGET_NAME)";
				WRAPPER_EXTENSION = app;
			};
			name = Release;
		};
		C7F7E95D198E0A280015AF74 /* Debug */ = {
			isa = XCBuildConfiguration;
			buildSettings = {
				BUNDLE_LOADER = "$(BUILT_PRODUCTS_DIR)/ClientMnagement.app/ClientMnagement";
				FRAMEWORK_SEARCH_PATHS = (
					"$(SDKROOT)/Developer/Library/Frameworks",
					"$(inherited)",
					"$(DEVELOPER_FRAMEWORKS_DIR)",
				);
				GCC_PRECOMPILE_PREFIX_HEADER = YES;
				GCC_PREFIX_HEADER = "ClientMnagement/ClientMnagement-Prefix.pch";
				GCC_PREPROCESSOR_DEFINITIONS = (
					"DEBUG=1",
					"$(inherited)",
				);
				INFOPLIST_FILE = "ClientMnagementTests/ClientMnagementTests-Info.plist";
				PRODUCT_NAME = "$(TARGET_NAME)";
				TEST_HOST = "$(BUNDLE_LOADER)";
				WRAPPER_EXTENSION = xctest;
			};
			name = Debug;
		};
		C7F7E95E198E0A280015AF74 /* Release */ = {
			isa = XCBuildConfiguration;
			buildSettings = {
				BUNDLE_LOADER = "$(BUILT_PRODUCTS_DIR)/ClientMnagement.app/ClientMnagement";
				FRAMEWORK_SEARCH_PATHS = (
					"$(SDKROOT)/Developer/Library/Frameworks",
					"$(inherited)",
					"$(DEVELOPER_FRAMEWORKS_DIR)",
				);
				GCC_PRECOMPILE_PREFIX_HEADER = YES;
				GCC_PREFIX_HEADER = "ClientMnagement/ClientMnagement-Prefix.pch";
				INFOPLIST_FILE = "ClientMnagementTests/ClientMnagementTests-Info.plist";
				PRODUCT_NAME = "$(TARGET_NAME)";
				TEST_HOST = "$(BUNDLE_LOADER)";
				WRAPPER_EXTENSION = xctest;
			};
			name = Release;
		};
/* End XCBuildConfiguration section */

/* Begin XCConfigurationList section */
		C7F7E922198E0A280015AF74 /* Build configuration list for PBXProject "ClientMnagement" */ = {
			isa = XCConfigurationList;
			buildConfigurations = (
				C7F7E957198E0A280015AF74 /* Debug */,
				C7F7E958198E0A280015AF74 /* Release */,
			);
			defaultConfigurationIsVisible = 0;
			defaultConfigurationName = Release;
		};
		C7F7E959198E0A280015AF74 /* Build configuration list for PBXNativeTarget "ClientMnagement" */ = {
			isa = XCConfigurationList;
			buildConfigurations = (
				C7F7E95A198E0A280015AF74 /* Debug */,
				C7F7E95B198E0A280015AF74 /* Release */,
			);
			defaultConfigurationIsVisible = 0;
		};
		C7F7E95C198E0A280015AF74 /* Build configuration list for PBXNativeTarget "ClientMnagementTests" */ = {
			isa = XCConfigurationList;
			buildConfigurations = (
				C7F7E95D198E0A280015AF74 /* Debug */,
				C7F7E95E198E0A280015AF74 /* Release */,
			);
			defaultConfigurationIsVisible = 0;
		};
/* End XCConfigurationList section */
	};
	rootObject = C7F7E91F198E0A280015AF74 /* Project object */;
}
